// !$*UTF8*$!
{
	archiveVersion = 1;
	classes = {
	};
	objectVersion = 56;
	objects = {

/* Begin PBXBuildFile section */
		44BF952A2B17845800A0DC68 /* APIprojektApp.swift in Sources */ = {isa = PBXBuildFile; fileRef = 44BF95292B17845800A0DC68 /* APIprojektApp.swift */; };
		44BF952C2B17845800A0DC68 /* ContentView.swift in Sources */ = {isa = PBXBuildFile; fileRef = 44BF952B2B17845800A0DC68 /* ContentView.swift */; };
		44BF952E2B17845900A0DC68 /* Assets.xcassets in Resources */ = {isa = PBXBuildFile; fileRef = 44BF952D2B17845900A0DC68 /* Assets.xcassets */; };
		44BF95312B17845900A0DC68 /* Preview Assets.xcassets in Resources */ = {isa = PBXBuildFile; fileRef = 44BF95302B17845900A0DC68 /* Preview Assets.xcassets */; };
		44BF953B2B17845900A0DC68 /* APIprojektTests.swift in Sources */ = {isa = PBXBuildFile; fileRef = 44BF953A2B17845900A0DC68 /* APIprojektTests.swift */; };
		44BF95452B17845900A0DC68 /* APIprojektUITests.swift in Sources */ = {isa = PBXBuildFile; fileRef = 44BF95442B17845900A0DC68 /* APIprojektUITests.swift */; };
		44BF95472B17845900A0DC68 /* APIprojektUITestsLaunchTests.swift in Sources */ = {isa = PBXBuildFile; fileRef = 44BF95462B17845900A0DC68 /* APIprojektUITestsLaunchTests.swift */; };
/* End PBXBuildFile section */

/* Begin PBXContainerItemProxy section */
		44BF95372B17845900A0DC68 /* PBXContainerItemProxy */ = {
			isa = PBXContainerItemProxy;
			containerPortal = 44BF951E2B17845800A0DC68 /* Project object */;
			proxyType = 1;
			remoteGlobalIDString = 44BF95252B17845800A0DC68;
			remoteInfo = APIprojekt;
		};
		44BF95412B17845900A0DC68 /* PBXContainerItemProxy */ = {
			isa = PBXContainerItemProxy;
			containerPortal = 44BF951E2B17845800A0DC68 /* Project object */;
			proxyType = 1;
			remoteGlobalIDString = 44BF95252B17845800A0DC68;
			remoteInfo = APIprojekt;
		};
/* End PBXContainerItemProxy section */

/* Begin PBXFileReference section */
		44BF95262B17845800A0DC68 /* APIprojekt.app */ = {isa = PBXFileReference; explicitFileType = wrapper.application; includeInIndex = 0; path = APIprojekt.app; sourceTree = BUILT_PRODUCTS_DIR; };
		44BF95292B17845800A0DC68 /* APIprojektApp.swift */ = {isa = PBXFileReference; lastKnownFileType = sourcecode.swift; path = APIprojektApp.swift; sourceTree = "<group>"; };
		44BF952B2B17845800A0DC68 /* ContentView.swift */ = {isa = PBXFileReference; lastKnownFileType = sourcecode.swift; path = ContentView.swift; sourceTree = "<group>"; };
		44BF952D2B17845900A0DC68 /* Assets.xcassets */ = {isa = PBXFileReference; lastKnownFileType = folder.assetcatalog; path = Assets.xcassets; sourceTree = "<group>"; };
		44BF95302B17845900A0DC68 /* Preview Assets.xcassets */ = {isa = PBXFileReference; lastKnownFileType = folder.assetcatalog; path = "Preview Assets.xcassets"; sourceTree = "<group>"; };
		44BF95362B17845900A0DC68 /* APIprojektTests.xctest */ = {isa = PBXFileReference; explicitFileType = wrapper.cfbundle; includeInIndex = 0; path = APIprojektTests.xctest; sourceTree = BUILT_PRODUCTS_DIR; };
		44BF953A2B17845900A0DC68 /* APIprojektTests.swift */ = {isa = PBXFileReference; lastKnownFileType = sourcecode.swift; path = APIprojektTests.swift; sourceTree = "<group>"; };
		44BF95402B17845900A0DC68 /* APIprojektUITests.xctest */ = {isa = PBXFileReference; explicitFileType = wrapper.cfbundle; includeInIndex = 0; path = APIprojektUITests.xctest; sourceTree = BUILT_PRODUCTS_DIR; };
		44BF95442B17845900A0DC68 /* APIprojektUITests.swift */ = {isa = PBXFileReference; lastKnownFileType = sourcecode.swift; path = APIprojektUITests.swift; sourceTree = "<group>"; };
		44BF95462B17845900A0DC68 /* APIprojektUITestsLaunchTests.swift */ = {isa = PBXFileReference; lastKnownFileType = sourcecode.swift; path = APIprojektUITestsLaunchTests.swift; sourceTree = "<group>"; };
/* End PBXFileReference section */

/* Begin PBXFrameworksBuildPhase section */
		44BF95232B17845800A0DC68 /* Frameworks */ = {
			isa = PBXFrameworksBuildPhase;
			buildActionMask = 2147483647;
			files = (
			);
			runOnlyForDeploymentPostprocessing = 0;
		};
		44BF95332B17845900A0DC68 /* Frameworks */ = {
			isa = PBXFrameworksBuildPhase;
			buildActionMask = 2147483647;
			files = (
			);
			runOnlyForDeploymentPostprocessing = 0;
		};
		44BF953D2B17845900A0DC68 /* Frameworks */ = {
			isa = PBXFrameworksBuildPhase;
			buildActionMask = 2147483647;
			files = (
			);
			runOnlyForDeploymentPostprocessing = 0;
		};
/* End PBXFrameworksBuildPhase section */

/* Begin PBXGroup section */
		44BF951D2B17845800A0DC68 = {
			isa = PBXGroup;
			children = (
				44BF95282B17845800A0DC68 /* APIprojekt */,
				44BF95392B17845900A0DC68 /* APIprojektTests */,
				44BF95432B17845900A0DC68 /* APIprojektUITests */,
				44BF95272B17845800A0DC68 /* Products */,
			);
			sourceTree = "<group>";
		};
		44BF95272B17845800A0DC68 /* Products */ = {
			isa = PBXGroup;
			children = (
				44BF95262B17845800A0DC68 /* APIprojekt.app */,
				44BF95362B17845900A0DC68 /* APIprojektTests.xctest */,
				44BF95402B17845900A0DC68 /* APIprojektUITests.xctest */,
			);
			name = Products;
			sourceTree = "<group>";
		};
		44BF95282B17845800A0DC68 /* APIprojekt */ = {
			isa = PBXGroup;
			children = (
				44BF95292B17845800A0DC68 /* APIprojektApp.swift */,
				44BF952B2B17845800A0DC68 /* ContentView.swift */,
				44BF952D2B17845900A0DC68 /* Assets.xcassets */,
				44BF952F2B17845900A0DC68 /* Preview Content */,
			);
			path = APIprojekt;
			sourceTree = "<group>";
		};
		44BF952F2B17845900A0DC68 /* Preview Content */ = {
			isa = PBXGroup;
			children = (
				44BF95302B17845900A0DC68 /* Preview Assets.xcassets */,
			);
			path = "Preview Content";
			sourceTree = "<group>";
		};
		44BF95392B17845900A0DC68 /* APIprojektTests */ = {
			isa = PBXGroup;
			children = (
				44BF953A2B17845900A0DC68 /* APIprojektTests.swift */,
			);
			path = APIprojektTests;
			sourceTree = "<group>";
		};
		44BF95432B17845900A0DC68 /* APIprojektUITests */ = {
			isa = PBXGroup;
			children = (
				44BF95442B17845900A0DC68 /* APIprojektUITests.swift */,
				44BF95462B17845900A0DC68 /* APIprojektUITestsLaunchTests.swift */,
			);
			path = APIprojektUITests;
			sourceTree = "<group>";
		};
/* End PBXGroup section */

/* Begin PBXNativeTarget section */
		44BF95252B17845800A0DC68 /* APIprojekt */ = {
			isa = PBXNativeTarget;
			buildConfigurationList = 44BF954A2B17845900A0DC68 /* Build configuration list for PBXNativeTarget "APIprojekt" */;
			buildPhases = (
				44BF95222B17845800A0DC68 /* Sources */,
				44BF95232B17845800A0DC68 /* Frameworks */,
				44BF95242B17845800A0DC68 /* Resources */,
			);
			buildRules = (
			);
			dependencies = (
			);
			name = APIprojekt;
			productName = APIprojekt;
			productReference = 44BF95262B17845800A0DC68 /* APIprojekt.app */;
			productType = "com.apple.product-type.application";
		};
		44BF95352B17845900A0DC68 /* APIprojektTests */ = {
			isa = PBXNativeTarget;
			buildConfigurationList = 44BF954D2B17845900A0DC68 /* Build configuration list for PBXNativeTarget "APIprojektTests" */;
			buildPhases = (
				44BF95322B17845900A0DC68 /* Sources */,
				44BF95332B17845900A0DC68 /* Frameworks */,
				44BF95342B17845900A0DC68 /* Resources */,
			);
			buildRules = (
			);
			dependencies = (
				44BF95382B17845900A0DC68 /* PBXTargetDependency */,
			);
			name = APIprojektTests;
			productName = APIprojektTests;
			productReference = 44BF95362B17845900A0DC68 /* APIprojektTests.xctest */;
			productType = "com.apple.product-type.bundle.unit-test";
		};
		44BF953F2B17845900A0DC68 /* APIprojektUITests */ = {
			isa = PBXNativeTarget;
			buildConfigurationList = 44BF95502B17845900A0DC68 /* Build configuration list for PBXNativeTarget "APIprojektUITests" */;
			buildPhases = (
				44BF953C2B17845900A0DC68 /* Sources */,
				44BF953D2B17845900A0DC68 /* Frameworks */,
				44BF953E2B17845900A0DC68 /* Resources */,
			);
			buildRules = (
			);
			dependencies = (
				44BF95422B17845900A0DC68 /* PBXTargetDependency */,
			);
			name = APIprojektUITests;
			productName = APIprojektUITests;
			productReference = 44BF95402B17845900A0DC68 /* APIprojektUITests.xctest */;
			productType = "com.apple.product-type.bundle.ui-testing";
		};
/* End PBXNativeTarget section */

/* Begin PBXProject section */
		44BF951E2B17845800A0DC68 /* Project object */ = {
			isa = PBXProject;
			attributes = {
				BuildIndependentTargetsInParallel = 1;
				LastSwiftUpdateCheck = 1500;
				LastUpgradeCheck = 1500;
				TargetAttributes = {
					44BF95252B17845800A0DC68 = {
						CreatedOnToolsVersion = 15.0.1;
					};
					44BF95352B17845900A0DC68 = {
						CreatedOnToolsVersion = 15.0.1;
						TestTargetID = 44BF95252B17845800A0DC68;
					};
					44BF953F2B17845900A0DC68 = {
						CreatedOnToolsVersion = 15.0.1;
						TestTargetID = 44BF95252B17845800A0DC68;
					};
				};
			};
			buildConfigurationList = 44BF95212B17845800A0DC68 /* Build configuration list for PBXProject "APIprojekt" */;
			compatibilityVersion = "Xcode 14.0";
			developmentRegion = en;
			hasScannedForEncodings = 0;
			knownRegions = (
				en,
				Base,
			);
			mainGroup = 44BF951D2B17845800A0DC68;
			productRefGroup = 44BF95272B17845800A0DC68 /* Products */;
			projectDirPath = "";
			projectRoot = "";
			targets = (
				44BF95252B17845800A0DC68 /* APIprojekt */,
				44BF95352B17845900A0DC68 /* APIprojektTests */,
				44BF953F2B17845900A0DC68 /* APIprojektUITests */,
			);
		};
/* End PBXProject section */

/* Begin PBXResourcesBuildPhase section */
		44BF95242B17845800A0DC68 /* Resources */ = {
			isa = PBXResourcesBuildPhase;
			buildActionMask = 2147483647;
			files = (
				44BF95312B17845900A0DC68 /* Preview Assets.xcassets in Resources */,
				44BF952E2B17845900A0DC68 /* Assets.xcassets in Resources */,
			);
			runOnlyForDeploymentPostprocessing = 0;
		};
		44BF95342B17845900A0DC68 /* Resources */ = {
			isa = PBXResourcesBuildPhase;
			buildActionMask = 2147483647;
			files = (
			);
			runOnlyForDeploymentPostprocessing = 0;
		};
		44BF953E2B17845900A0DC68 /* Resources */ = {
			isa = PBXResourcesBuildPhase;
			buildActionMask = 2147483647;
			files = (
			);
			runOnlyForDeploymentPostprocessing = 0;
		};
/* End PBXResourcesBuildPhase section */

/* Begin PBXSourcesBuildPhase section */
		44BF95222B17845800A0DC68 /* Sources */ = {
			isa = PBXSourcesBuildPhase;
			buildActionMask = 2147483647;
			files = (
				44BF952C2B17845800A0DC68 /* ContentView.swift in Sources */,
				44BF952A2B17845800A0DC68 /* APIprojektApp.swift in Sources */,
			);
			runOnlyForDeploymentPostprocessing = 0;
		};
		44BF95322B17845900A0DC68 /* Sources */ = {
			isa = PBXSourcesBuildPhase;
			buildActionMask = 2147483647;
			files = (
				44BF953B2B17845900A0DC68 /* APIprojektTests.swift in Sources */,
			);
			runOnlyForDeploymentPostprocessing = 0;
		};
		44BF953C2B17845900A0DC68 /* Sources */ = {
			isa = PBXSourcesBuildPhase;
			buildActionMask = 2147483647;
			files = (
				44BF95452B17845900A0DC68 /* APIprojektUITests.swift in Sources */,
				44BF95472B17845900A0DC68 /* APIprojektUITestsLaunchTests.swift in Sources */,
			);
			runOnlyForDeploymentPostprocessing = 0;
		};
/* End PBXSourcesBuildPhase section */

/* Begin PBXTargetDependency section */
		44BF95382B17845900A0DC68 /* PBXTargetDependency */ = {
			isa = PBXTargetDependency;
			target = 44BF95252B17845800A0DC68 /* APIprojekt */;
			targetProxy = 44BF95372B17845900A0DC68 /* PBXContainerItemProxy */;
		};
		44BF95422B17845900A0DC68 /* PBXTargetDependency */ = {
			isa = PBXTargetDependency;
			target = 44BF95252B17845800A0DC68 /* APIprojekt */;
			targetProxy = 44BF95412B17845900A0DC68 /* PBXContainerItemProxy */;
		};
/* End PBXTargetDependency section */

/* Begin XCBuildConfiguration section */
		44BF95482B17845900A0DC68 /* Debug */ = {
			isa = XCBuildConfiguration;
			buildSettings = {
				ALWAYS_SEARCH_USER_PATHS = NO;
				ASSETCATALOG_COMPILER_GENERATE_SWIFT_ASSET_SYMBOL_EXTENSIONS = YES;
				CLANG_ANALYZER_NONNULL = YES;
				CLANG_ANALYZER_NUMBER_OBJECT_CONVERSION = YES_AGGRESSIVE;
				CLANG_CXX_LANGUAGE_STANDARD = "gnu++20";
				CLANG_ENABLE_MODULES = YES;
				CLANG_ENABLE_OBJC_ARC = YES;
				CLANG_ENABLE_OBJC_WEAK = YES;
				CLANG_WARN_BLOCK_CAPTURE_AUTORELEASING = YES;
				CLANG_WARN_BOOL_CONVERSION = YES;
				CLANG_WARN_COMMA = YES;
				CLANG_WARN_CONSTANT_CONVERSION = YES;
				CLANG_WARN_DEPRECATED_OBJC_IMPLEMENTATIONS = YES;
				CLANG_WARN_DIRECT_OBJC_ISA_USAGE = YES_ERROR;
				CLANG_WARN_DOCUMENTATION_COMMENTS = YES;
				CLANG_WARN_EMPTY_BODY = YES;
				CLANG_WARN_ENUM_CONVERSION = YES;
				CLANG_WARN_INFINITE_RECURSION = YES;
				CLANG_WARN_INT_CONVERSION = YES;
				CLANG_WARN_NON_LITERAL_NULL_CONVERSION = YES;
				CLANG_WARN_OBJC_IMPLICIT_RETAIN_SELF = YES;
				CLANG_WARN_OBJC_LITERAL_CONVERSION = YES;
				CLANG_WARN_OBJC_ROOT_CLASS = YES_ERROR;
				CLANG_WARN_QUOTED_INCLUDE_IN_FRAMEWORK_HEADER = YES;
				CLANG_WARN_RANGE_LOOP_ANALYSIS = YES;
				CLANG_WARN_STRICT_PROTOTYPES = YES;
				CLANG_WARN_SUSPICIOUS_MOVE = YES;
				CLANG_WARN_UNGUARDED_AVAILABILITY = YES_AGGRESSIVE;
				CLANG_WARN_UNREACHABLE_CODE = YES;
				CLANG_WARN__DUPLICATE_METHOD_MATCH = YES;
				COPY_PHASE_STRIP = NO;
				DEBUG_INFORMATION_FORMAT = dwarf;
				ENABLE_STRICT_OBJC_MSGSEND = YES;
				ENABLE_TESTABILITY = YES;
				ENABLE_USER_SCRIPT_SANDBOXING = YES;
				GCC_C_LANGUAGE_STANDARD = gnu17;
				GCC_DYNAMIC_NO_PIC = NO;
				GCC_NO_COMMON_BLOCKS = YES;
				GCC_OPTIMIZATION_LEVEL = 0;
				GCC_PREPROCESSOR_DEFINITIONS = (
					"DEBUG=1",
					"$(inherited)",
				);
				GCC_WARN_64_TO_32_BIT_CONVERSION = YES;
				GCC_WARN_ABOUT_RETURN_TYPE = YES_ERROR;
				GCC_WARN_UNDECLARED_SELECTOR = YES;
				GCC_WARN_UNINITIALIZED_AUTOS = YES_AGGRESSIVE;
				GCC_WARN_UNUSED_FUNCTION = YES;
				GCC_WARN_UNUSED_VARIABLE = YES;
				IPHONEOS_DEPLOYMENT_TARGET = 17.0;
				LOCALIZATION_PREFERS_STRING_CATALOGS = YES;
				MTL_ENABLE_DEBUG_INFO = INCLUDE_SOURCE;
				MTL_FAST_MATH = YES;
				ONLY_ACTIVE_ARCH = YES;
				SDKROOT = iphoneos;
				SWIFT_ACTIVE_COMPILATION_CONDITIONS = "DEBUG $(inherited)";
				SWIFT_OPTIMIZATION_LEVEL = "-Onone";
			};
			name = Debug;
		};
		44BF95492B17845900A0DC68 /* Release */ = {
			isa = XCBuildConfiguration;
			buildSettings = {
				ALWAYS_SEARCH_USER_PATHS = NO;
				ASSETCATALOG_COMPILER_GENERATE_SWIFT_ASSET_SYMBOL_EXTENSIONS = YES;
				CLANG_ANALYZER_NONNULL = YES;
				CLANG_ANALYZER_NUMBER_OBJECT_CONVERSION = YES_AGGRESSIVE;
				CLANG_CXX_LANGUAGE_STANDARD = "gnu++20";
				CLANG_ENABLE_MODULES = YES;
				CLANG_ENABLE_OBJC_ARC = YES;
				CLANG_ENABLE_OBJC_WEAK = YES;
				CLANG_WARN_BLOCK_CAPTURE_AUTORELEASING = YES;
				CLANG_WARN_BOOL_CONVERSION = YES;
				CLANG_WARN_COMMA = YES;
				CLANG_WARN_CONSTANT_CONVERSION = YES;
				CLANG_WARN_DEPRECATED_OBJC_IMPLEMENTATIONS = YES;
				CLANG_WARN_DIRECT_OBJC_ISA_USAGE = YES_ERROR;
				CLANG_WARN_DOCUMENTATION_COMMENTS = YES;
				CLANG_WARN_EMPTY_BODY = YES;
				CLANG_WARN_ENUM_CONVERSION = YES;
				CLANG_WARN_INFINITE_RECURSION = YES;
				CLANG_WARN_INT_CONVERSION = YES;
				CLANG_WARN_NON_LITERAL_NULL_CONVERSION = YES;
				CLANG_WARN_OBJC_IMPLICIT_RETAIN_SELF = YES;
				CLANG_WARN_OBJC_LITERAL_CONVERSION = YES;
				CLANG_WARN_OBJC_ROOT_CLASS = YES_ERROR;
				CLANG_WARN_QUOTED_INCLUDE_IN_FRAMEWORK_HEADER = YES;
				CLANG_WARN_RANGE_LOOP_ANALYSIS = YES;
				CLANG_WARN_STRICT_PROTOTYPES = YES;
				CLANG_WARN_SUSPICIOUS_MOVE = YES;
				CLANG_WARN_UNGUARDED_AVAILABILITY = YES_AGGRESSIVE;
				CLANG_WARN_UNREACHABLE_CODE = YES;
				CLANG_WARN__DUPLICATE_METHOD_MATCH = YES;
				COPY_PHASE_STRIP = NO;
				DEBUG_INFORMATION_FORMAT = "dwarf-with-dsym";
				ENABLE_NS_ASSERTIONS = NO;
				ENABLE_STRICT_OBJC_MSGSEND = YES;
				ENABLE_USER_SCRIPT_SANDBOXING = YES;
				GCC_C_LANGUAGE_STANDARD = gnu17;
				GCC_NO_COMMON_BLOCKS = YES;
				GCC_WARN_64_TO_32_BIT_CONVERSION = YES;
				GCC_WARN_ABOUT_RETURN_TYPE = YES_ERROR;
				GCC_WARN_UNDECLARED_SELECTOR = YES;
				GCC_WARN_UNINITIALIZED_AUTOS = YES_AGGRESSIVE;
				GCC_WARN_UNUSED_FUNCTION = YES;
				GCC_WARN_UNUSED_VARIABLE = YES;
				IPHONEOS_DEPLOYMENT_TARGET = 17.0;
				LOCALIZATION_PREFERS_STRING_CATALOGS = YES;
				MTL_ENABLE_DEBUG_INFO = NO;
				MTL_FAST_MATH = YES;
				SDKROOT = iphoneos;
				SWIFT_COMPILATION_MODE = wholemodule;
				VALIDATE_PRODUCT = YES;
			};
			name = Release;
		};
		44BF954B2B17845900A0DC68 /* Debug */ = {
			isa = XCBuildConfiguration;
			buildSettings = {
				ASSETCATALOG_COMPILER_APPICON_NAME = AppIcon;
				ASSETCATALOG_COMPILER_GLOBAL_ACCENT_COLOR_NAME = AccentColor;
				CODE_SIGN_STYLE = Automatic;
				CURRENT_PROJECT_VERSION = 1;
				DEVELOPMENT_ASSET_PATHS = "\"APIprojekt/Preview Content\"";
				ENABLE_PREVIEWS = YES;
				GENERATE_INFOPLIST_FILE = YES;
				INFOPLIST_KEY_UIApplicationSceneManifest_Generation = YES;
				INFOPLIST_KEY_UIApplicationSupportsIndirectInputEvents = YES;
				INFOPLIST_KEY_UILaunchScreen_Generation = YES;
				INFOPLIST_KEY_UISupportedInterfaceOrientations_iPad = "UIInterfaceOrientationPortrait UIInterfaceOrientationPortraitUpsideDown UIInterfaceOrientationLandscapeLeft UIInterfaceOrientationLandscapeRight";
				INFOPLIST_KEY_UISupportedInterfaceOrientations_iPhone = "UIInterfaceOrientationPortrait UIInterfaceOrientationLandscapeLeft UIInterfaceOrientationLandscapeRight";
				LD_RUNPATH_SEARCH_PATHS = (
					"$(inherited)",
					"@executable_path/Frameworks",
				);
				MARKETING_VERSION = 1.0;
				PRODUCT_BUNDLE_IDENTIFIER = se.danish.nic.APIprojekt;
				PRODUCT_NAME = "$(TARGET_NAME)";
				SWIFT_EMIT_LOC_STRINGS = YES;
				SWIFT_VERSION = 5.0;
				TARGETED_DEVICE_FAMILY = "1,2";
			};
			name = Debug;
		};
		44BF954C2B17845900A0DC68 /* Release */ = {
			isa = XCBuildConfiguration;
			buildSettings = {
				ASSETCATALOG_COMPILER_APPICON_NAME = AppIcon;
				ASSETCATALOG_COMPILER_GLOBAL_ACCENT_COLOR_NAME = AccentColor;
				CODE_SIGN_STYLE = Automatic;
				CURRENT_PROJECT_VERSION = 1;
				DEVELOPMENT_ASSET_PATHS = "\"APIprojekt/Preview Content\"";
				ENABLE_PREVIEWS = YES;
				GENERATE_INFOPLIST_FILE = YES;
				INFOPLIST_KEY_UIApplicationSceneManifest_Generation = YES;
				INFOPLIST_KEY_UIApplicationSupportsIndirectInputEvents = YES;
				INFOPLIST_KEY_UILaunchScreen_Generation = YES;
				INFOPLIST_KEY_UISupportedInterfaceOrientations_iPad = "UIInterfaceOrientationPortrait UIInterfaceOrientationPortraitUpsideDown UIInterfaceOrientationLandscapeLeft UIInterfaceOrientationLandscapeRight";
				INFOPLIST_KEY_UISupportedInterfaceOrientations_iPhone = "UIInterfaceOrientationPortrait UIInterfaceOrientationLandscapeLeft UIInterfaceOrientationLandscapeRight";
				LD_RUNPATH_SEARCH_PATHS = (
					"$(inherited)",
					"@executable_path/Frameworks",
				);
				MARKETING_VERSION = 1.0;
				PRODUCT_BUNDLE_IDENTIFIER = se.danish.nic.APIprojekt;
				PRODUCT_NAME = "$(TARGET_NAME)";
				SWIFT_EMIT_LOC_STRINGS = YES;
				SWIFT_VERSION = 5.0;
				TARGETED_DEVICE_FAMILY = "1,2";
			};
			name = Release;
		};
		44BF954E2B17845900A0DC68 /* Debug */ = {
			isa = XCBuildConfiguration;
			buildSettings = {
				ALWAYS_EMBED_SWIFT_STANDARD_LIBRARIES = YES;
				BUNDLE_LOADER = "$(TEST_HOST)";
				CODE_SIGN_STYLE = Automatic;
				CURRENT_PROJECT_VERSION = 1;
				GENERATE_INFOPLIST_FILE = YES;
				IPHONEOS_DEPLOYMENT_TARGET = 17.0;
				MARKETING_VERSION = 1.0;
				PRODUCT_BUNDLE_IDENTIFIER = se.danish.nic.APIprojektTests;
				PRODUCT_NAME = "$(TARGET_NAME)";
				SWIFT_EMIT_LOC_STRINGS = NO;
				SWIFT_VERSION = 5.0;
				TARGETED_DEVICE_FAMILY = "1,2";
				TEST_HOST = "$(BUILT_PRODUCTS_DIR)/APIprojekt.app/$(BUNDLE_EXECUTABLE_FOLDER_PATH)/APIprojekt";
			};
			name = Debug;
		};
		44BF954F2B17845900A0DC68 /* Release */ = {
			isa = XCBuildConfiguration;
			buildSettings = {
				ALWAYS_EMBED_SWIFT_STANDARD_LIBRARIES = YES;
				BUNDLE_LOADER = "$(TEST_HOST)";
				CODE_SIGN_STYLE = Automatic;
				CURRENT_PROJECT_VERSION = 1;
				GENERATE_INFOPLIST_FILE = YES;
				IPHONEOS_DEPLOYMENT_TARGET = 17.0;
				MARKETING_VERSION = 1.0;
				PRODUCT_BUNDLE_IDENTIFIER = se.danish.nic.APIprojektTests;
				PRODUCT_NAME = "$(TARGET_NAME)";
				SWIFT_EMIT_LOC_STRINGS = NO;
				SWIFT_VERSION = 5.0;
				TARGETED_DEVICE_FAMILY = "1,2";
				TEST_HOST = "$(BUILT_PRODUCTS_DIR)/APIprojekt.app/$(BUNDLE_EXECUTABLE_FOLDER_PATH)/APIprojekt";
			};
			name = Release;
		};
		44BF95512B17845900A0DC68 /* Debug */ = {
			isa = XCBuildConfiguration;
			buildSettings = {
				ALWAYS_EMBED_SWIFT_STANDARD_LIBRARIES = YES;
				CODE_SIGN_STYLE = Automatic;
				CURRENT_PROJECT_VERSION = 1;
				GENERATE_INFOPLIST_FILE = YES;
				MARKETING_VERSION = 1.0;
				PRODUCT_BUNDLE_IDENTIFIER = se.danish.nic.APIprojektUITests;
				PRODUCT_NAME = "$(TARGET_NAME)";
				SWIFT_EMIT_LOC_STRINGS = NO;
				SWIFT_VERSION = 5.0;
				TARGETED_DEVICE_FAMILY = "1,2";
				TEST_TARGET_NAME = APIprojekt;
			};
			name = Debug;
		};
		44BF95522B17845900A0DC68 /* Release */ = {
			isa = XCBuildConfiguration;
			buildSettings = {
				ALWAYS_EMBED_SWIFT_STANDARD_LIBRARIES = YES;
				CODE_SIGN_STYLE = Automatic;
				CURRENT_PROJECT_VERSION = 1;
				GENERATE_INFOPLIST_FILE = YES;
				MARKETING_VERSION = 1.0;
				PRODUCT_BUNDLE_IDENTIFIER = se.danish.nic.APIprojektUITests;
				PRODUCT_NAME = "$(TARGET_NAME)";
				SWIFT_EMIT_LOC_STRINGS = NO;
				SWIFT_VERSION = 5.0;
				TARGETED_DEVICE_FAMILY = "1,2";
				TEST_TARGET_NAME = APIprojekt;
			};
			name = Release;
		};
/* End XCBuildConfiguration section */

/* Begin XCConfigurationList section */
		44BF95212B17845800A0DC68 /* Build configuration list for PBXProject "APIprojekt" */ = {
			isa = XCConfigurationList;
			buildConfigurations = (
				44BF95482B17845900A0DC68 /* Debug */,
				44BF95492B17845900A0DC68 /* Release */,
			);
			defaultConfigurationIsVisible = 0;
			defaultConfigurationName = Release;
		};
		44BF954A2B17845900A0DC68 /* Build configuration list for PBXNativeTarget "APIprojekt" */ = {
			isa = XCConfigurationList;
			buildConfigurations = (
				44BF954B2B17845900A0DC68 /* Debug */,
				44BF954C2B17845900A0DC68 /* Release */,
			);
			defaultConfigurationIsVisible = 0;
			defaultConfigurationName = Release;
		};
		44BF954D2B17845900A0DC68 /* Build configuration list for PBXNativeTarget "APIprojektTests" */ = {
			isa = XCConfigurationList;
			buildConfigurations = (
				44BF954E2B17845900A0DC68 /* Debug */,
				44BF954F2B17845900A0DC68 /* Release */,
			);
			defaultConfigurationIsVisible = 0;
			defaultConfigurationName = Release;
		};
		44BF95502B17845900A0DC68 /* Build configuration list for PBXNativeTarget "APIprojektUITests" */ = {
			isa = XCConfigurationList;
			buildConfigurations = (
				44BF95512B17845900A0DC68 /* Debug */,
				44BF95522B17845900A0DC68 /* Release */,
			);
			defaultConfigurationIsVisible = 0;
			defaultConfigurationName = Release;
		};
/* End XCConfigurationList section */
	};
	rootObject = 44BF951E2B17845800A0DC68 /* Project object */;
}
